
Microsoft Visual Studio Solution File, Format Version 12.00
# Visual Studio 14
VisualStudioVersion = 14.0.25420.1
MinimumVisualStudioVersion = 10.0.40219.1
Project("{FAE04EC0-301F-11D3-BF4B-00C04F79EFBC}") = "SpotifyChangeControlCMD", "SpotifyChangeControlCMD\SpotifyChangeControlCMD.csproj", "{E6BF765D-BA85-4042-90E0-B4A9AB5B303E}"
EndProject
Project("{FAE04EC0-301F-11D3-BF4B-00C04F79EFBC}") = "SpotifyAPI", "..\..\..\SpotifyAPI-NET\SpotifyAPI\SpotifyAPI.csproj", "{EBBE35E2-7B91-4D7D-B8FC-3A0472F5119D}"
EndProject
Project("{FAE04EC0-301F-11D3-BF4B-00C04F79EFBC}") = "SpotifyChangeControlLib", "SpotifyChangeControlLib\SpotifyChangeControlLib.csproj", "{1D284265-21B2-4E01-9EA9-019DC167CF62}"
EndProject
Project("{8BB2217D-0F2D-49D1-97BC-3654ED321F3B}") = "PlaylistManagerMVC", "SpotifyChangeControlASPCore\PlaylistManagerMVC.xproj", "{68631868-902A-46FB-9A44-BACF1812FBDE}"
EndProject
Project("{2150E333-8FDC-42A3-9474-1A3956D46DE8}") = "Solution Items", "Solution Items", "{02717C82-0FB2-488B-ACF9-49B59CA14A0F}"
	ProjectSection(SolutionItems) = preProject
		global.json = global.json
	EndProjectSection
EndProject
Project("{8BB2217D-0F2D-49D1-97BC-3654ED321F3B}") = "AspNet.Security.OAuth.Extensions", "AspNet.Security.OAuth.Extensions\AspNet.Security.OAuth.Extensions.xproj", "{FE52A431-57AD-45FA-AA59-C63CB6EA3F31}"
EndProject
Project("{8BB2217D-0F2D-49D1-97BC-3654ED321F3B}") = "AspNet.Security.OAuth.GitHub", "AspNet.Security.OAuth.GitHub\AspNet.Security.OAuth.GitHub.xproj", "{9DFEE19E-C170-4F20-93F3-EC952B1532F2}"
EndProject
Project("{8BB2217D-0F2D-49D1-97BC-3654ED321F3B}") = "AspNet.Security.OAuth.Spotify", "AspNet.Security.OAuth.Spotify\AspNet.Security.OAuth.Spotify.xproj", "{535CD0A4-2117-4576-8552-4188D7E8E3D4}"
EndProject
Global
	GlobalSection(SolutionConfigurationPlatforms) = preSolution
		Debug|Any CPU = Debug|Any CPU
		Release|Any CPU = Release|Any CPU
	EndGlobalSection
	GlobalSection(ProjectConfigurationPlatforms) = postSolution
		{E6BF765D-BA85-4042-90E0-B4A9AB5B303E}.Debug|Any CPU.ActiveCfg = Debug|Any CPU
		{E6BF765D-BA85-4042-90E0-B4A9AB5B303E}.Debug|Any CPU.Build.0 = Debug|Any CPU
		{E6BF765D-BA85-4042-90E0-B4A9AB5B303E}.Release|Any CPU.ActiveCfg = Release|Any CPU
		{E6BF765D-BA85-4042-90E0-B4A9AB5B303E}.Release|Any CPU.Build.0 = Release|Any CPU
		{EBBE35E2-7B91-4D7D-B8FC-3A0472F5119D}.Debug|Any CPU.ActiveCfg = Debug|Any CPU
		{EBBE35E2-7B91-4D7D-B8FC-3A0472F5119D}.Debug|Any CPU.Build.0 = Debug|Any CPU
		{EBBE35E2-7B91-4D7D-B8FC-3A0472F5119D}.Release|Any CPU.ActiveCfg = Release|Any CPU
		{EBBE35E2-7B91-4D7D-B8FC-3A0472F5119D}.Release|Any CPU.Build.0 = Release|Any CPU
		{1D284265-21B2-4E01-9EA9-019DC167CF62}.Debug|Any CPU.ActiveCfg = Debug|Any CPU
		{1D284265-21B2-4E01-9EA9-019DC167CF62}.Debug|Any CPU.Build.0 = Debug|Any CPU
		{1D284265-21B2-4E01-9EA9-019DC167CF62}.Release|Any CPU.ActiveCfg = Release|Any CPU
		{1D284265-21B2-4E01-9EA9-019DC167CF62}.Release|Any CPU.Build.0 = Release|Any CPU
		{68631868-902A-46FB-9A44-BACF1812FBDE}.Debug|Any CPU.ActiveCfg = Debug|Any CPU
		{68631868-902A-46FB-9A44-BACF1812FBDE}.Debug|Any CPU.Build.0 = Debug|Any CPU
		{68631868-902A-46FB-9A44-BACF1812FBDE}.Release|Any CPU.ActiveCfg = Release|Any CPU
		{68631868-902A-46FB-9A44-BACF1812FBDE}.Release|Any CPU.Build.0 = Release|Any CPU
		{FE52A431-57AD-45FA-AA59-C63CB6EA3F31}.Debug|Any CPU.ActiveCfg = Debug|Any CPU
		{FE52A431-57AD-45FA-AA59-C63CB6EA3F31}.Debug|Any CPU.Build.0 = Debug|Any CPU
		{FE52A431-57AD-45FA-AA59-C63CB6EA3F31}.Release|Any CPU.ActiveCfg = Release|Any CPU
		{FE52A431-57AD-45FA-AA59-C63CB6EA3F31}.Release|Any CPU.Build.0 = Release|Any CPU
		{9DFEE19E-C170-4F20-93F3-EC952B1532F2}.Debug|Any CPU.ActiveCfg = Debug|Any CPU
		{9DFEE19E-C170-4F20-93F3-EC952B1532F2}.Debug|Any CPU.Build.0 = Debug|Any CPU
		{9DFEE19E-C170-4F20-93F3-EC952B1532F2}.Release|Any CPU.ActiveCfg = Release|Any CPU
		{9DFEE19E-C170-4F20-93F3-EC952B1532F2}.Release|Any CPU.Build.0 = Release|Any CPU
		{535CD0A4-2117-4576-8552-4188D7E8E3D4}.Debug|Any CPU.ActiveCfg = Debug|Any CPU
		{535CD0A4-2117-4576-8552-4188D7E8E3D4}.Debug|Any CPU.Build.0 = Debug|Any CPU
		{535CD0A4-2117-4576-8552-4188D7E8E3D4}.Release|Any CPU.ActiveCfg = Release|Any CPU
		{535CD0A4-2117-4576-8552-4188D7E8E3D4}.Release|Any CPU.Build.0 = Release|Any CPU
	EndGlobalSection
	GlobalSection(SolutionProperties) = preSolution
		HideSolutionNode = FALSE
	EndGlobalSection
EndGlobal
