
Microsoft Visual Studio Solution File, Format Version 12.00
# Visual Studio 14
VisualStudioVersion = 14.0.24720.0
MinimumVisualStudioVersion = 10.0.40219.1
Project("{FAE04EC0-301F-11D3-BF4B-00C04F79EFBC}") = "SpotifyAPI", "SpotifyAPI\SpotifyAPI.csproj", "{EBBE35E2-7B91-4D7D-B8FC-3A0472F5119D}"
EndProject
Project("{FAE04EC0-301F-11D3-BF4B-00C04F79EFBC}") = "SpotifyAPIWebExample", "SpotifyAPIWebExample\SpotifyAPIWebExample.csproj", "{004B45C3-BB98-4E62-AD11-D80BA64FEB8E}"
EndProject
Project("{FAE04EC0-301F-11D3-BF4B-00C04F79EFBC}") = "SpotifyChangeControlLib", "SpotifyChangeControlLib\SpotifyChangeControlLib.csproj", "{1D284265-21B2-4E01-9EA9-019DC167CF62}"
EndProject
Project("{FAE04EC0-301F-11D3-BF4B-00C04F79EFBC}") = "SpotifyChangeControlWeb", "SpotifyChangeControlWeb\SpotifyChangeControlWeb.csproj", "{FCACE768-788F-4092-B4F8-C43639471A60}"
EndProject
Project("{FAE04EC0-301F-11D3-BF4B-00C04F79EFBC}") = "SpotifyChangeControlCMD", "SpotifyChangeControlCMD\SpotifyChangeControlCMD.csproj", "{E6BF765D-BA85-4042-90E0-B4A9AB5B303E}"
EndProject
Global
	GlobalSection(SolutionConfigurationPlatforms) = preSolution
		Debug|Any CPU = Debug|Any CPU
		Release|Any CPU = Release|Any CPU
	EndGlobalSection
	GlobalSection(ProjectConfigurationPlatforms) = postSolution
		{EBBE35E2-7B91-4D7D-B8FC-3A0472F5119D}.Debug|Any CPU.ActiveCfg = Debug|Any CPU
		{EBBE35E2-7B91-4D7D-B8FC-3A0472F5119D}.Debug|Any CPU.Build.0 = Debug|Any CPU
		{EBBE35E2-7B91-4D7D-B8FC-3A0472F5119D}.Release|Any CPU.ActiveCfg = Release|Any CPU
		{EBBE35E2-7B91-4D7D-B8FC-3A0472F5119D}.Release|Any CPU.Build.0 = Release|Any CPU
		{004B45C3-BB98-4E62-AD11-D80BA64FEB8E}.Debug|Any CPU.ActiveCfg = Debug|Any CPU
		{004B45C3-BB98-4E62-AD11-D80BA64FEB8E}.Debug|Any CPU.Build.0 = Debug|Any CPU
		{004B45C3-BB98-4E62-AD11-D80BA64FEB8E}.Release|Any CPU.ActiveCfg = Release|Any CPU
		{004B45C3-BB98-4E62-AD11-D80BA64FEB8E}.Release|Any CPU.Build.0 = Release|Any CPU
		{1D284265-21B2-4E01-9EA9-019DC167CF62}.Debug|Any CPU.ActiveCfg = Debug|Any CPU
		{1D284265-21B2-4E01-9EA9-019DC167CF62}.Debug|Any CPU.Build.0 = Debug|Any CPU
		{1D284265-21B2-4E01-9EA9-019DC167CF62}.Release|Any CPU.ActiveCfg = Release|Any CPU
		{1D284265-21B2-4E01-9EA9-019DC167CF62}.Release|Any CPU.Build.0 = Release|Any CPU
		{FCACE768-788F-4092-B4F8-C43639471A60}.Debug|Any CPU.ActiveCfg = Debug|Any CPU
		{FCACE768-788F-4092-B4F8-C43639471A60}.Debug|Any CPU.Build.0 = Debug|Any CPU
		{FCACE768-788F-4092-B4F8-C43639471A60}.Release|Any CPU.ActiveCfg = Release|Any CPU
		{FCACE768-788F-4092-B4F8-C43639471A60}.Release|Any CPU.Build.0 = Release|Any CPU
		{E6BF765D-BA85-4042-90E0-B4A9AB5B303E}.Debug|Any CPU.ActiveCfg = Debug|Any CPU
		{E6BF765D-BA85-4042-90E0-B4A9AB5B303E}.Debug|Any CPU.Build.0 = Debug|Any CPU
		{E6BF765D-BA85-4042-90E0-B4A9AB5B303E}.Release|Any CPU.ActiveCfg = Release|Any CPU
		{E6BF765D-BA85-4042-90E0-B4A9AB5B303E}.Release|Any CPU.Build.0 = Release|Any CPU
	EndGlobalSection
	GlobalSection(SolutionProperties) = preSolution
		HideSolutionNode = FALSE
	EndGlobalSection
EndGlobal
